
Microsoft Visual Studio Solution File, Format Version 12.00
# Visual Studio 15
VisualStudioVersion = 15.0.28307.1525
MinimumVisualStudioVersion = 10.0.40219.1
Project("{9A19103F-16F7-4668-BE54-9A1E7A4F7556}") = "AccessSpecifier", "AccessSpecifier\AccessSpecifier.csproj", "{8F765AF6-CA0B-4DCF-80F8-CCB58012759D}"
EndProject
Project("{FAE04EC0-301F-11D3-BF4B-00C04F79EFBC}") = "AccessSpecifier1", "AccessSpecifier1\AccessSpecifier1.csproj", "{CBA2824A-B534-417A-A781-473094C08224}"
EndProject
Project("{FAE04EC0-301F-11D3-BF4B-00C04F79EFBC}") = "AccessSpecifier2", "AccessSpecifier2\AccessSpecifier2.csproj", "{793C74AE-2FB4-403E-B5D8-05783E41C1DB}"
EndProject
Project("{FAE04EC0-301F-11D3-BF4B-00C04F79EFBC}") = "AccessSpecifier3", "AccessSpecifier3\AccessSpecifier3.csproj", "{97A3D997-B866-4822-8430-AA0CA446FC5C}"
EndProject
Project("{FAE04EC0-301F-11D3-BF4B-00C04F79EFBC}") = "AccessSpecifier4", "AccessSpecifier4\AccessSpecifier4.csproj", "{5CA8351E-3C27-441A-AB19-9573F1A425A2}"
EndProject
Global
	GlobalSection(SolutionConfigurationPlatforms) = preSolution
		Debug|Any CPU = Debug|Any CPU
		Release|Any CPU = Release|Any CPU
	EndGlobalSection
	GlobalSection(ProjectConfigurationPlatforms) = postSolution
		{8F765AF6-CA0B-4DCF-80F8-CCB58012759D}.Debug|Any CPU.ActiveCfg = Debug|Any CPU
		{8F765AF6-CA0B-4DCF-80F8-CCB58012759D}.Debug|Any CPU.Build.0 = Debug|Any CPU
		{8F765AF6-CA0B-4DCF-80F8-CCB58012759D}.Release|Any CPU.ActiveCfg = Release|Any CPU
		{8F765AF6-CA0B-4DCF-80F8-CCB58012759D}.Release|Any CPU.Build.0 = Release|Any CPU
		{CBA2824A-B534-417A-A781-473094C08224}.Debug|Any CPU.ActiveCfg = Debug|Any CPU
		{CBA2824A-B534-417A-A781-473094C08224}.Debug|Any CPU.Build.0 = Debug|Any CPU
		{CBA2824A-B534-417A-A781-473094C08224}.Release|Any CPU.ActiveCfg = Release|Any CPU
		{CBA2824A-B534-417A-A781-473094C08224}.Release|Any CPU.Build.0 = Release|Any CPU
		{793C74AE-2FB4-403E-B5D8-05783E41C1DB}.Debug|Any CPU.ActiveCfg = Debug|Any CPU
		{793C74AE-2FB4-403E-B5D8-05783E41C1DB}.Debug|Any CPU.Build.0 = Debug|Any CPU
		{793C74AE-2FB4-403E-B5D8-05783E41C1DB}.Release|Any CPU.ActiveCfg = Release|Any CPU
		{793C74AE-2FB4-403E-B5D8-05783E41C1DB}.Release|Any CPU.Build.0 = Release|Any CPU
		{97A3D997-B866-4822-8430-AA0CA446FC5C}.Debug|Any CPU.ActiveCfg = Debug|Any CPU
		{97A3D997-B866-4822-8430-AA0CA446FC5C}.Debug|Any CPU.Build.0 = Debug|Any CPU
		{97A3D997-B866-4822-8430-AA0CA446FC5C}.Release|Any CPU.ActiveCfg = Release|Any CPU
		{97A3D997-B866-4822-8430-AA0CA446FC5C}.Release|Any CPU.Build.0 = Release|Any CPU
		{5CA8351E-3C27-441A-AB19-9573F1A425A2}.Debug|Any CPU.ActiveCfg = Debug|Any CPU
		{5CA8351E-3C27-441A-AB19-9573F1A425A2}.Debug|Any CPU.Build.0 = Debug|Any CPU
		{5CA8351E-3C27-441A-AB19-9573F1A425A2}.Release|Any CPU.ActiveCfg = Release|Any CPU
		{5CA8351E-3C27-441A-AB19-9573F1A425A2}.Release|Any CPU.Build.0 = Release|Any CPU
	EndGlobalSection
	GlobalSection(SolutionProperties) = preSolution
		HideSolutionNode = FALSE
	EndGlobalSection
	GlobalSection(ExtensibilityGlobals) = postSolution
		SolutionGuid = {1550DC57-6734-49CC-B551-722FC4E029D8}
	EndGlobalSection
EndGlobal
